
Microsoft Visual Studio Solution File, Format Version 11.00
# Visual Studio 2010
Project("{F2A71F9B-5D33-465A-A702-920D77279786}") = "Parser_Experiment", "ParserAndFsunit_Experiments\Parser_Experiment.fsproj", "{B12C0E0A-0E27-4E25-B647-59BD44AB3987}"
EndProject
Project("{F2A71F9B-5D33-465A-A702-920D77279786}") = "Behaviours", "Behaviours\Behaviours.fsproj", "{67A3CFDE-16A9-40D7-A2C6-18B5E5F177D9}"
EndProject
Project("{FAE04EC0-301F-11D3-BF4B-00C04F79EFBC}") = "ExampleCSharpProject", "ExampleCSharpProject\ExampleCSharpProject.csproj", "{55F503B5-9A3D-41C7-915A-12710DAEA9D4}"
EndProject
Global
	GlobalSection(SolutionConfigurationPlatforms) = preSolution
		Debug|Any CPU = Debug|Any CPU
		Debug|Mixed Platforms = Debug|Mixed Platforms
		Debug|x86 = Debug|x86
		Release|Any CPU = Release|Any CPU
		Release|Mixed Platforms = Release|Mixed Platforms
		Release|x86 = Release|x86
	EndGlobalSection
	GlobalSection(ProjectConfigurationPlatforms) = postSolution
		{B12C0E0A-0E27-4E25-B647-59BD44AB3987}.Debug|Any CPU.ActiveCfg = Debug|x86
		{B12C0E0A-0E27-4E25-B647-59BD44AB3987}.Debug|Mixed Platforms.ActiveCfg = Debug|x86
		{B12C0E0A-0E27-4E25-B647-59BD44AB3987}.Debug|Mixed Platforms.Build.0 = Debug|x86
		{B12C0E0A-0E27-4E25-B647-59BD44AB3987}.Debug|x86.ActiveCfg = Debug|x86
		{B12C0E0A-0E27-4E25-B647-59BD44AB3987}.Debug|x86.Build.0 = Debug|x86
		{B12C0E0A-0E27-4E25-B647-59BD44AB3987}.Release|Any CPU.ActiveCfg = Release|x86
		{B12C0E0A-0E27-4E25-B647-59BD44AB3987}.Release|Mixed Platforms.ActiveCfg = Release|x86
		{B12C0E0A-0E27-4E25-B647-59BD44AB3987}.Release|Mixed Platforms.Build.0 = Release|x86
		{B12C0E0A-0E27-4E25-B647-59BD44AB3987}.Release|x86.ActiveCfg = Release|x86
		{B12C0E0A-0E27-4E25-B647-59BD44AB3987}.Release|x86.Build.0 = Release|x86
		{67A3CFDE-16A9-40D7-A2C6-18B5E5F177D9}.Debug|Any CPU.ActiveCfg = Debug|Any CPU
		{67A3CFDE-16A9-40D7-A2C6-18B5E5F177D9}.Debug|Any CPU.Build.0 = Debug|Any CPU
		{67A3CFDE-16A9-40D7-A2C6-18B5E5F177D9}.Debug|Mixed Platforms.ActiveCfg = Debug|Any CPU
		{67A3CFDE-16A9-40D7-A2C6-18B5E5F177D9}.Debug|Mixed Platforms.Build.0 = Debug|Any CPU
		{67A3CFDE-16A9-40D7-A2C6-18B5E5F177D9}.Debug|x86.ActiveCfg = Debug|Any CPU
		{67A3CFDE-16A9-40D7-A2C6-18B5E5F177D9}.Release|Any CPU.ActiveCfg = Release|Any CPU
		{67A3CFDE-16A9-40D7-A2C6-18B5E5F177D9}.Release|Any CPU.Build.0 = Release|Any CPU
		{67A3CFDE-16A9-40D7-A2C6-18B5E5F177D9}.Release|Mixed Platforms.ActiveCfg = Release|Any CPU
		{67A3CFDE-16A9-40D7-A2C6-18B5E5F177D9}.Release|Mixed Platforms.Build.0 = Release|Any CPU
		{67A3CFDE-16A9-40D7-A2C6-18B5E5F177D9}.Release|x86.ActiveCfg = Release|Any CPU
		{55F503B5-9A3D-41C7-915A-12710DAEA9D4}.Debug|Any CPU.ActiveCfg = Debug|Any CPU
		{55F503B5-9A3D-41C7-915A-12710DAEA9D4}.Debug|Any CPU.Build.0 = Debug|Any CPU
		{55F503B5-9A3D-41C7-915A-12710DAEA9D4}.Debug|Mixed Platforms.ActiveCfg = Debug|Any CPU
		{55F503B5-9A3D-41C7-915A-12710DAEA9D4}.Debug|Mixed Platforms.Build.0 = Debug|Any CPU
		{55F503B5-9A3D-41C7-915A-12710DAEA9D4}.Debug|x86.ActiveCfg = Debug|Any CPU
		{55F503B5-9A3D-41C7-915A-12710DAEA9D4}.Release|Any CPU.ActiveCfg = Release|Any CPU
		{55F503B5-9A3D-41C7-915A-12710DAEA9D4}.Release|Any CPU.Build.0 = Release|Any CPU
		{55F503B5-9A3D-41C7-915A-12710DAEA9D4}.Release|Mixed Platforms.ActiveCfg = Release|Any CPU
		{55F503B5-9A3D-41C7-915A-12710DAEA9D4}.Release|Mixed Platforms.Build.0 = Release|Any CPU
		{55F503B5-9A3D-41C7-915A-12710DAEA9D4}.Release|x86.ActiveCfg = Release|Any CPU
	EndGlobalSection
	GlobalSection(SolutionProperties) = preSolution
		HideSolutionNode = FALSE
	EndGlobalSection
EndGlobal
